<?xml version="1.0" encoding="utf-8"?>
<Project ToolsVersion="4.0" xmlns="http://schemas.microsoft.com/developer/msbuild/2003">
  <ItemGroup>
    <Filter Include="Core">
      <UniqueIdentifier>{93995380-89BD-4b04-88EB-625FBE52EBFB}</UniqueIdentifier>
      <Extensions>h;hh;hpp;hxx;hm;inl;inc;xsd</Extensions>
    </Filter>
    <Filter Include="Render">
      <UniqueIdentifier>{67DA6AB6-F800-4c08-8B7A-83BB121AAD01}</UniqueIdentifier>
      <Extensions>rc;ico;cur;bmp;dlg;rc2;rct;bin;rgs;gif;jpg;jpeg;jpe;resx;tiff;tif;png;wav;mfcribbon-ms</Extensions>
    </Filter>
    <Filter Include="Core\Debug">
      <UniqueIdentifier>{bf0da3f9-5a75-4d15-87a9-eaabd653e88c}</UniqueIdentifier>
    </Filter>
    <Filter Include="AssetManager">
      <UniqueIdentifier>{44be2f30-a44c-4358-a80a-1f5ecc8b56f7}</UniqueIdentifier>
    </Filter>
    <Filter Include="Game">
      <UniqueIdentifier>{1b906654-dee9-47bf-ab29-9ee96b2c2db1}</UniqueIdentifier>
    </Filter>
    <Filter Include="Render\Shaders">
      <UniqueIdentifier>{b2697dec-6260-4df1-8af4-a7f43c6791af}</UniqueIdentifier>
    </Filter>
    <Filter Include="Wic">
      <UniqueIdentifier>{8e029b6a-8ef5-4070-8e3b-1f9165a944d5}</UniqueIdentifier>
    </Filter>
    <Filter Include="Game\GameObjects">
      <UniqueIdentifier>{1ad5cb94-ed8d-4fb9-95e7-6ea362b4515a}</UniqueIdentifier>
    </Filter>
  </ItemGroup>
  <ItemGroup>
    <ClCompile Include="main.cpp" />
    <ClCompile Include="System.cpp">
      <Filter>Core</Filter>
    </ClCompile>
    <ClCompile Include="RenderModule.cpp">
      <Filter>Render</Filter>
    </ClCompile>
    <ClCompile Include="InputManager.cpp">
      <Filter>Core</Filter>
    </ClCompile>
    <ClCompile Include="AssetManager.cpp">
      <Filter>AssetManager</Filter>
    </ClCompile>
    <ClCompile Include="D3DManager.cpp">
      <Filter>Render</Filter>
    </ClCompile>
    <ClCompile Include="GameLogic.cpp">
      <Filter>Game</Filter>
    </ClCompile>
    <ClCompile Include="Game.cpp">
      <Filter>Game</Filter>
    </ClCompile>
    <ClCompile Include="Timer.cpp">
      <Filter>Core</Filter>
    </ClCompile>
    <ClCompile Include="WICTextureLoader\WICTextureLoader.cpp">
      <Filter>Wic</Filter>
    </ClCompile>
    <ClCompile Include="ShadowMap.cpp">
      <Filter>Render</Filter>
    </ClCompile>
    <ClCompile Include="GameObject.cpp">
      <Filter>Game\GameObjects</Filter>
    </ClCompile>
    <ClCompile Include="Cpu.cpp">
      <Filter>Core</Filter>
    </ClCompile>
    <ClCompile Include="SaveLoadManager.cpp">
      <Filter>Core</Filter>
    </ClCompile>
    <ClCompile Include="Camera.cpp">
      <Filter>Core</Filter>
    </ClCompile>
    <ClCompile Include="DirectionalLight.cpp">
      <Filter>Core</Filter>
    </ClCompile>
    <ClCompile Include="PhysicsObject.cpp">
      <Filter>Game\GameObjects</Filter>
    </ClCompile>
    <ClCompile Include="Terrain.cpp">
      <Filter>Game\GameObjects</Filter>
    </ClCompile>
  </ItemGroup>
  <ItemGroup>
    <ClInclude Include="System.h">
      <Filter>Core</Filter>
    </ClInclude>
    <ClInclude Include="RenderModule.h">
      <Filter>Render</Filter>
    </ClInclude>
    <ClInclude Include="InputManager.h">
      <Filter>Core</Filter>
    </ClInclude>
    <ClInclude Include="Console.h">
      <Filter>Core\Debug</Filter>
    </ClInclude>
    <ClInclude Include="AssetManager.h">
      <Filter>AssetManager</Filter>
    </ClInclude>
    <ClInclude Include="AssetUtil.h">
      <Filter>AssetManager</Filter>
    </ClInclude>
    <ClInclude Include="D3DManager.h">
      <Filter>Render</Filter>
    </ClInclude>
    <ClInclude Include="GameLogic.h">
      <Filter>Game</Filter>
    </ClInclude>
    <ClInclude Include="Game.h">
      <Filter>Game</Filter>
    </ClInclude>
    <ClInclude Include="Timer.h">
      <Filter>Core</Filter>
    </ClInclude>
    <ClInclude Include="WICTextureLoader\WICTextureLoader.h">
      <Filter>Wic</Filter>
    </ClInclude>
    <ClInclude Include="ShadowMap.h">
      <Filter>Render</Filter>
    </ClInclude>
    <ClInclude Include="GameObject.h">
      <Filter>Game\GameObjects</Filter>
    </ClInclude>
    <ClInclude Include="Cpu.h">
      <Filter>Core</Filter>
    </ClInclude>
    <ClInclude Include="SaveLoadManager.h">
      <Filter>Core</Filter>
    </ClInclude>
    <ClInclude Include="Camera.h">
      <Filter>Core</Filter>
    </ClInclude>
    <ClInclude Include="DirectionalLight.h">
      <Filter>Core</Filter>
    </ClInclude>
    <ClInclude Include="PhysicsObject.h">
      <Filter>Game\GameObjects</Filter>
    </ClInclude>
    <ClInclude Include="Terrain.h">
      <Filter>Game\GameObjects</Filter>
    </ClInclude>
    <ClInclude Include="FW1FontWrapper.h">
      <Filter>Core</Filter>
    </ClInclude>
    <ClInclude Include="GameUtil.h">
      <Filter>Game</Filter>
    </ClInclude>
  </ItemGroup>
  <ItemGroup>
    <FxCompile Include="Assets\Shaders\TerrainPS.hlsl">
      <Filter>Render\Shaders</Filter>
    </FxCompile>
    <FxCompile Include="Assets\Shaders\DefaultPS.hlsl">
      <Filter>Render\Shaders</Filter>
    </FxCompile>
    <FxCompile Include="Assets\Shaders\ShadowVS.hlsl">
      <Filter>Render\Shaders</Filter>
    </FxCompile>
    <FxCompile Include="Assets\Shaders\DefaultVS.hlsl">
      <Filter>Render\Shaders</Filter>
    </FxCompile>
  </ItemGroup>
</Project>